
Microsoft Visual Studio Solution File, Format Version 12.00
# Visual Studio Version 17
VisualStudioVersion = 17.3.32929.385
MinimumVisualStudioVersion = 10.0.40219.1
Project("{9A19103F-16F7-4668-BE54-9A1E7A4F7556}") = "Add2NumbersService", "Add2NumbersService\Add2NumbersService.csproj", "{EEE04C84-0F9B-4646-BB1C-46630009C7AA}"
EndProject
Project("{9A19103F-16F7-4668-BE54-9A1E7A4F7556}") = "Add2NumbersTestProject1", "Add2NumbersTestProject1\Add2NumbersTestProject1.csproj", "{6C586B46-90B4-47AD-8DAD-4F712EBA0D92}"
EndProject
Project("{9A19103F-16F7-4668-BE54-9A1E7A4F7556}") = "Add2NumbersViewModels", "Add2NumbersViewModels\Add2NumbersViewModels.csproj", "{69FD55A3-E395-4FE9-A74D-6300E957240D}"
EndProject
Project("{9A19103F-16F7-4668-BE54-9A1E7A4F7556}") = "Add2NumbersWpfApp1", "Add2NumbersWpfApp1\Add2NumbersWpfApp1.csproj", "{238F3F26-FFE0-426A-9C9B-D581D8688928}"
EndProject
Project("{FAE04EC0-301F-11D3-BF4B-00C04F79EFBC}") = "Add2NumbersBlazorApp1", "Add2NumbersBlazorApp1\Add2NumbersBlazorApp1.csproj", "{DF9B60BE-494F-41B8-B60C-540E9D189E52}"
EndProject
Global
	GlobalSection(SolutionConfigurationPlatforms) = preSolution
		Debug|Any CPU = Debug|Any CPU
		Release|Any CPU = Release|Any CPU
	EndGlobalSection
	GlobalSection(ProjectConfigurationPlatforms) = postSolution
		{EEE04C84-0F9B-4646-BB1C-46630009C7AA}.Debug|Any CPU.ActiveCfg = Debug|Any CPU
		{EEE04C84-0F9B-4646-BB1C-46630009C7AA}.Debug|Any CPU.Build.0 = Debug|Any CPU
		{EEE04C84-0F9B-4646-BB1C-46630009C7AA}.Release|Any CPU.ActiveCfg = Release|Any CPU
		{EEE04C84-0F9B-4646-BB1C-46630009C7AA}.Release|Any CPU.Build.0 = Release|Any CPU
		{6C586B46-90B4-47AD-8DAD-4F712EBA0D92}.Debug|Any CPU.ActiveCfg = Debug|Any CPU
		{6C586B46-90B4-47AD-8DAD-4F712EBA0D92}.Debug|Any CPU.Build.0 = Debug|Any CPU
		{6C586B46-90B4-47AD-8DAD-4F712EBA0D92}.Release|Any CPU.ActiveCfg = Release|Any CPU
		{6C586B46-90B4-47AD-8DAD-4F712EBA0D92}.Release|Any CPU.Build.0 = Release|Any CPU
		{69FD55A3-E395-4FE9-A74D-6300E957240D}.Debug|Any CPU.ActiveCfg = Debug|Any CPU
		{69FD55A3-E395-4FE9-A74D-6300E957240D}.Debug|Any CPU.Build.0 = Debug|Any CPU
		{69FD55A3-E395-4FE9-A74D-6300E957240D}.Release|Any CPU.ActiveCfg = Release|Any CPU
		{69FD55A3-E395-4FE9-A74D-6300E957240D}.Release|Any CPU.Build.0 = Release|Any CPU
		{238F3F26-FFE0-426A-9C9B-D581D8688928}.Debug|Any CPU.ActiveCfg = Debug|Any CPU
		{238F3F26-FFE0-426A-9C9B-D581D8688928}.Debug|Any CPU.Build.0 = Debug|Any CPU
		{238F3F26-FFE0-426A-9C9B-D581D8688928}.Release|Any CPU.ActiveCfg = Release|Any CPU
		{238F3F26-FFE0-426A-9C9B-D581D8688928}.Release|Any CPU.Build.0 = Release|Any CPU
		{DF9B60BE-494F-41B8-B60C-540E9D189E52}.Debug|Any CPU.ActiveCfg = Debug|Any CPU
		{DF9B60BE-494F-41B8-B60C-540E9D189E52}.Debug|Any CPU.Build.0 = Debug|Any CPU
		{DF9B60BE-494F-41B8-B60C-540E9D189E52}.Release|Any CPU.ActiveCfg = Release|Any CPU
		{DF9B60BE-494F-41B8-B60C-540E9D189E52}.Release|Any CPU.Build.0 = Release|Any CPU
	EndGlobalSection
	GlobalSection(SolutionProperties) = preSolution
		HideSolutionNode = FALSE
	EndGlobalSection
	GlobalSection(ExtensibilityGlobals) = postSolution
		SolutionGuid = {56B09D85-0153-470B-8C7D-D44216139BF3}
	EndGlobalSection
EndGlobal
